
Microsoft Visual Studio Solution File, Format Version 12.00
# Visual Studio Version 16
VisualStudioVersion = 16.0.32901.82
MinimumVisualStudioVersion = 10.0.40219.1
Project("{9A19103F-16F7-4668-BE54-9A1E7A4F7556}") = "OperatorConsole", "OperatorConsole\OperatorConsole.csproj", "{8C7C9C6B-073E-4D9B-9965-5D7A154DACE7}"
	ProjectSection(ProjectDependencies) = postProject
		{DAEB4E86-72ED-4334-88D8-617A745872F4} = {DAEB4E86-72ED-4334-88D8-617A745872F4}
	EndProjectSection
EndProject
Project("{9A19103F-16F7-4668-BE54-9A1E7A4F7556}") = "Server", "Server\Server.csproj", "{439BDD67-B820-435F-8743-1D0B51496094}"
	ProjectSection(ProjectDependencies) = postProject
		{DAEB4E86-72ED-4334-88D8-617A745872F4} = {DAEB4E86-72ED-4334-88D8-617A745872F4}
	EndProjectSection
EndProject
Project("{9A19103F-16F7-4668-BE54-9A1E7A4F7556}") = "ATMConsole", "ATMConsole\ATMConsole.csproj", "{4DB03DFA-A901-4BE4-8D00-0EB20A9CA7CB}"
	ProjectSection(ProjectDependencies) = postProject
		{DAEB4E86-72ED-4334-88D8-617A745872F4} = {DAEB4E86-72ED-4334-88D8-617A745872F4}
	EndProjectSection
EndProject
Project("{9A19103F-16F7-4668-BE54-9A1E7A4F7556}") = "GlobalLibrary", "GlobalLibrary\GlobalLibrary.csproj", "{DAEB4E86-72ED-4334-88D8-617A745872F4}"
EndProject
Project("{FAE04EC0-301F-11D3-BF4B-00C04F79EFBC}") = "Database", "Database\Database.csproj", "{55BEFB28-2794-4083-A8AF-0C94F549625C}"
EndProject
Global
	GlobalSection(SolutionConfigurationPlatforms) = preSolution
		Debug|Any CPU = Debug|Any CPU
		Release|Any CPU = Release|Any CPU
	EndGlobalSection
	GlobalSection(ProjectConfigurationPlatforms) = postSolution
		{8C7C9C6B-073E-4D9B-9965-5D7A154DACE7}.Debug|Any CPU.ActiveCfg = Debug|Any CPU
		{8C7C9C6B-073E-4D9B-9965-5D7A154DACE7}.Debug|Any CPU.Build.0 = Debug|Any CPU
		{8C7C9C6B-073E-4D9B-9965-5D7A154DACE7}.Release|Any CPU.ActiveCfg = Release|Any CPU
		{8C7C9C6B-073E-4D9B-9965-5D7A154DACE7}.Release|Any CPU.Build.0 = Release|Any CPU
		{439BDD67-B820-435F-8743-1D0B51496094}.Debug|Any CPU.ActiveCfg = Debug|Any CPU
		{439BDD67-B820-435F-8743-1D0B51496094}.Debug|Any CPU.Build.0 = Debug|Any CPU
		{439BDD67-B820-435F-8743-1D0B51496094}.Release|Any CPU.ActiveCfg = Release|Any CPU
		{439BDD67-B820-435F-8743-1D0B51496094}.Release|Any CPU.Build.0 = Release|Any CPU
		{4DB03DFA-A901-4BE4-8D00-0EB20A9CA7CB}.Debug|Any CPU.ActiveCfg = Debug|Any CPU
		{4DB03DFA-A901-4BE4-8D00-0EB20A9CA7CB}.Debug|Any CPU.Build.0 = Debug|Any CPU
		{4DB03DFA-A901-4BE4-8D00-0EB20A9CA7CB}.Release|Any CPU.ActiveCfg = Release|Any CPU
		{4DB03DFA-A901-4BE4-8D00-0EB20A9CA7CB}.Release|Any CPU.Build.0 = Release|Any CPU
		{DAEB4E86-72ED-4334-88D8-617A745872F4}.Debug|Any CPU.ActiveCfg = Debug|Any CPU
		{DAEB4E86-72ED-4334-88D8-617A745872F4}.Debug|Any CPU.Build.0 = Debug|Any CPU
		{DAEB4E86-72ED-4334-88D8-617A745872F4}.Release|Any CPU.ActiveCfg = Release|Any CPU
		{DAEB4E86-72ED-4334-88D8-617A745872F4}.Release|Any CPU.Build.0 = Release|Any CPU
		{55BEFB28-2794-4083-A8AF-0C94F549625C}.Debug|Any CPU.ActiveCfg = Debug|Any CPU
		{55BEFB28-2794-4083-A8AF-0C94F549625C}.Debug|Any CPU.Build.0 = Debug|Any CPU
		{55BEFB28-2794-4083-A8AF-0C94F549625C}.Release|Any CPU.ActiveCfg = Release|Any CPU
		{55BEFB28-2794-4083-A8AF-0C94F549625C}.Release|Any CPU.Build.0 = Release|Any CPU
	EndGlobalSection
	GlobalSection(SolutionProperties) = preSolution
		HideSolutionNode = FALSE
	EndGlobalSection
	GlobalSection(ExtensibilityGlobals) = postSolution
		SolutionGuid = {78E422A2-4CA9-4E3B-8B01-2C4C2F3AAB0C}
	EndGlobalSection
EndGlobal
